// !$*UTF8*$!
{
	archiveVersion = 1;
	classes = {
	};
	objectVersion = 42;
	objects = {

/* Begin PBXBuildFile section */
		2B531E1B0BBB3FBD00F42B98 /* Icon.icns in Resources */ = {isa = PBXBuildFile; fileRef = 2B531E1A0BBB3FBD00F42B98 /* Icon.icns */; };
		8D11072A0486CEB800E47090 /* MainMenu.nib in Resources */ = {isa = PBXBuildFile; fileRef = 29B97318FDCFA39411CA2CEA /* MainMenu.nib */; };
		8D11072B0486CEB800E47090 /* InfoPlist.strings in Resources */ = {isa = PBXBuildFile; fileRef = 089C165CFE840E0CC02AAC07 /* InfoPlist.strings */; };
		8D11072D0486CEB800E47090 /* main.m in Sources */ = {isa = PBXBuildFile; fileRef = 29B97316FDCFA39411CA2CEA /* main.m */; settings = {ATTRIBUTES = (); }; };
		8D11072F0486CEB800E47090 /* Cocoa.framework in Frameworks */ = {isa = PBXBuildFile; fileRef = 1058C7A1FEA54F0111CA2CBB /* Cocoa.framework */; };
		C5E698EE0BA872BA00382716 /* QTKit.framework in Frameworks */ = {isa = PBXBuildFile; fileRef = C5E698ED0BA872BA00382716 /* QTKit.framework */; };
		C5E698F30BA8735700382716 /* CVOCVController.m in Sources */ = {isa = PBXBuildFile; fileRef = C5E698F20BA8735700382716 /* CVOCVController.m */; };
		E71E21130EFEBD98002D74A2 /* OpenGL.framework in Frameworks */ = {isa = PBXBuildFile; fileRef = E71E21120EFEBD98002D74A2 /* OpenGL.framework */; };
		E71E2B270F02A3C9002D74A2 /* OpenCVProcessor.m in Sources */ = {isa = PBXBuildFile; fileRef = E71E2B260F02A3C9002D74A2 /* OpenCVProcessor.m */; };
		E71E302E0F0505AA002D74A2 /* CVOCVView.m in Sources */ = {isa = PBXBuildFile; fileRef = E71E302D0F0505AA002D74A2 /* CVOCVView.m */; };
		E71E30440F0505F5002D74A2 /* README.txt in Resources */ = {isa = PBXBuildFile; fileRef = E71E30430F0505F5002D74A2 /* README.txt */; };
		E7A1762A0F053D5700E3F45B /* UPDATES.txt in Resources */ = {isa = PBXBuildFile; fileRef = E7A176290F053D5700E3F45B /* UPDATES.txt */; };
		E7BA5D7C0F1E9F1900CCFC0E /* Quartz.framework in Frameworks */ = {isa = PBXBuildFile; fileRef = E7BA5D7B0F1E9F1900CCFC0E /* Quartz.framework */; };
		E7BA5E7D0F1ECB2700CCFC0E /* CGImageWrapper.m in Sources */ = {isa = PBXBuildFile; fileRef = E7BA5E7C0F1ECB2700CCFC0E /* CGImageWrapper.m */; };
		E7C4A15A0EAE386D004169F3 /* CoreVideo.framework in Frameworks */ = {isa = PBXBuildFile; fileRef = E7C4A1590EAE386D004169F3 /* CoreVideo.framework */; };
		E7C4A1CC0EAE3CBA004169F3 /* libs in Resources */ = {isa = PBXBuildFile; fileRef = E7C4A1A50EAE3CBA004169F3 /* libs */; };
/* End PBXBuildFile section */

/* Begin PBXFileReference section */
		089C165DFE840E0CC02AAC07 /* English */ = {isa = PBXFileReference; fileEncoding = 10; lastKnownFileType = text.plist.strings; name = English; path = English.lproj/InfoPlist.strings; sourceTree = "<group>"; };
		1058C7A1FEA54F0111CA2CBB /* Cocoa.framework */ = {isa = PBXFileReference; lastKnownFileType = wrapper.framework; name = Cocoa.framework; path = /System/Library/Frameworks/Cocoa.framework; sourceTree = "<absolute>"; };
		29B97316FDCFA39411CA2CEA /* main.m */ = {isa = PBXFileReference; fileEncoding = 4; lastKnownFileType = sourcecode.c.objc; path = main.m; sourceTree = "<group>"; };
		29B97319FDCFA39411CA2CEA /* English */ = {isa = PBXFileReference; lastKnownFileType = wrapper.nib; name = English; path = English.lproj/MainMenu.nib; sourceTree = "<group>"; };
		29B97324FDCFA39411CA2CEA /* AppKit.framework */ = {isa = PBXFileReference; lastKnownFileType = wrapper.framework; name = AppKit.framework; path = /System/Library/Frameworks/AppKit.framework; sourceTree = "<absolute>"; };
		29B97325FDCFA39411CA2CEA /* Foundation.framework */ = {isa = PBXFileReference; lastKnownFileType = wrapper.framework; name = Foundation.framework; path = /System/Library/Frameworks/Foundation.framework; sourceTree = "<absolute>"; };
		2B531E1A0BBB3FBD00F42B98 /* Icon.icns */ = {isa = PBXFileReference; lastKnownFileType = image.icns; path = Icon.icns; sourceTree = "<group>"; };
		32CA4F630368D1EE00C91783 /* CVOCV_Prefix.pch */ = {isa = PBXFileReference; fileEncoding = 4; lastKnownFileType = sourcecode.c.h; path = CVOCV_Prefix.pch; sourceTree = "<group>"; };
		8D1107310486CEB800E47090 /* Info.plist */ = {isa = PBXFileReference; fileEncoding = 4; lastKnownFileType = text.plist; path = Info.plist; sourceTree = "<group>"; };
		8D1107320486CEB800E47090 /* CVOCV.app */ = {isa = PBXFileReference; explicitFileType = wrapper.application; includeInIndex = 0; path = CVOCV.app; sourceTree = BUILT_PRODUCTS_DIR; };
		C5E698ED0BA872BA00382716 /* QTKit.framework */ = {isa = PBXFileReference; lastKnownFileType = wrapper.framework; name = QTKit.framework; path = /System/Library/Frameworks/QTKit.framework; sourceTree = "<absolute>"; };
		C5E698F10BA8735700382716 /* CVOCVController.h */ = {isa = PBXFileReference; fileEncoding = 4; lastKnownFileType = sourcecode.c.h; path = CVOCVController.h; sourceTree = "<group>"; };
		C5E698F20BA8735700382716 /* CVOCVController.m */ = {isa = PBXFileReference; explicitFileType = sourcecode.cpp.objcpp; fileEncoding = 4; path = CVOCVController.m; sourceTree = "<group>"; };
		E71E21120EFEBD98002D74A2 /* OpenGL.framework */ = {isa = PBXFileReference; lastKnownFileType = wrapper.framework; name = OpenGL.framework; path = /System/Library/Frameworks/OpenGL.framework; sourceTree = "<absolute>"; };
		E71E2B250F02A3C9002D74A2 /* OpenCVProcessor.h */ = {isa = PBXFileReference; fileEncoding = 4; lastKnownFileType = sourcecode.c.h; path = OpenCVProcessor.h; sourceTree = "<group>"; };
		E71E2B260F02A3C9002D74A2 /* OpenCVProcessor.m */ = {isa = PBXFileReference; fileEncoding = 4; lastKnownFileType = sourcecode.c.objc; path = OpenCVProcessor.m; sourceTree = "<group>"; };
		E71E302C0F0505AA002D74A2 /* CVOCVView.h */ = {isa = PBXFileReference; fileEncoding = 4; lastKnownFileType = sourcecode.c.h; path = CVOCVView.h; sourceTree = "<group>"; };
		E71E302D0F0505AA002D74A2 /* CVOCVView.m */ = {isa = PBXFileReference; fileEncoding = 4; lastKnownFileType = sourcecode.c.objc; path = CVOCVView.m; sourceTree = "<group>"; };
		E71E30430F0505F5002D74A2 /* README.txt */ = {isa = PBXFileReference; fileEncoding = 4; lastKnownFileType = text; path = README.txt; sourceTree = "<group>"; };
		E7A176290F053D5700E3F45B /* UPDATES.txt */ = {isa = PBXFileReference; fileEncoding = 4; lastKnownFileType = text; path = UPDATES.txt; sourceTree = "<group>"; };
		E7BA5D7B0F1E9F1900CCFC0E /* Quartz.framework */ = {isa = PBXFileReference; lastKnownFileType = wrapper.framework; name = Quartz.framework; path = /System/Library/Frameworks/Quartz.framework; sourceTree = "<absolute>"; };
		E7BA5E7B0F1ECB2700CCFC0E /* CGImageWrapper.h */ = {isa = PBXFileReference; fileEncoding = 4; lastKnownFileType = sourcecode.c.h; path = CGImageWrapper.h; sourceTree = "<group>"; };
		E7BA5E7C0F1ECB2700CCFC0E /* CGImageWrapper.m */ = {isa = PBXFileReference; fileEncoding = 4; lastKnownFileType = sourcecode.c.objc; path = CGImageWrapper.m; sourceTree = "<group>"; };
		E7C4A1590EAE386D004169F3 /* CoreVideo.framework */ = {isa = PBXFileReference; lastKnownFileType = wrapper.framework; name = CoreVideo.framework; path = /System/Library/Frameworks/CoreVideo.framework; sourceTree = "<absolute>"; };
		E7C4A1A50EAE3CBA004169F3 /* libs */ = {isa = PBXFileReference; lastKnownFileType = folder; path = libs; sourceTree = "<group>"; };
/* End PBXFileReference section */

/* Begin PBXFrameworksBuildPhase section */
		8D11072E0486CEB800E47090 /* Frameworks */ = {
			isa = PBXFrameworksBuildPhase;
			buildActionMask = 2147483647;
			files = (
				8D11072F0486CEB800E47090 /* Cocoa.framework in Frameworks */,
				C5E698EE0BA872BA00382716 /* QTKit.framework in Frameworks */,
				E7C4A15A0EAE386D004169F3 /* CoreVideo.framework in Frameworks */,
				E71E21130EFEBD98002D74A2 /* OpenGL.framework in Frameworks */,
				E7BA5D7C0F1E9F1900CCFC0E /* Quartz.framework in Frameworks */,
			);
			runOnlyForDeploymentPostprocessing = 0;
		};
/* End PBXFrameworksBuildPhase section */

/* Begin PBXGroup section */
		1058C7A0FEA54F0111CA2CBB /* Linked Frameworks */ = {
			isa = PBXGroup;
			children = (
				E7BA5D7B0F1E9F1900CCFC0E /* Quartz.framework */,
				E71E21120EFEBD98002D74A2 /* OpenGL.framework */,
				E7C4A1590EAE386D004169F3 /* CoreVideo.framework */,
				C5E698ED0BA872BA00382716 /* QTKit.framework */,
				1058C7A1FEA54F0111CA2CBB /* Cocoa.framework */,
			);
			name = "Linked Frameworks";
			sourceTree = "<group>";
		};
		1058C7A2FEA54F0111CA2CBB /* Other Frameworks */ = {
			isa = PBXGroup;
			children = (
				29B97324FDCFA39411CA2CEA /* AppKit.framework */,
				29B97325FDCFA39411CA2CEA /* Foundation.framework */,
			);
			name = "Other Frameworks";
			sourceTree = "<group>";
		};
		19C28FACFE9D520D11CA2CBB /* Products */ = {
			isa = PBXGroup;
			children = (
				8D1107320486CEB800E47090 /* CVOCV.app */,
			);
			name = Products;
			sourceTree = "<group>";
		};
		29B97314FDCFA39411CA2CEA /* CVOCV */ = {
			isa = PBXGroup;
			children = (
				E71E302C0F0505AA002D74A2 /* CVOCVView.h */,
				E71E302D0F0505AA002D74A2 /* CVOCVView.m */,
				32CA4F630368D1EE00C91783 /* CVOCV_Prefix.pch */,
				C5E698F10BA8735700382716 /* CVOCVController.h */,
				C5E698F20BA8735700382716 /* CVOCVController.m */,
				E71E2B250F02A3C9002D74A2 /* OpenCVProcessor.h */,
				E71E2B260F02A3C9002D74A2 /* OpenCVProcessor.m */,
				E7BA5E7B0F1ECB2700CCFC0E /* CGImageWrapper.h */,
				E7BA5E7C0F1ECB2700CCFC0E /* CGImageWrapper.m */,
				29B97316FDCFA39411CA2CEA /* main.m */,
				E71E30430F0505F5002D74A2 /* README.txt */,
				E7A176290F053D5700E3F45B /* UPDATES.txt */,
				29B97317FDCFA39411CA2CEA /* Resources */,
				29B97323FDCFA39411CA2CEA /* Frameworks */,
				19C28FACFE9D520D11CA2CBB /* Products */,
			);
			name = CVOCV;
			sourceTree = "<group>";
		};
		29B97317FDCFA39411CA2CEA /* Resources */ = {
			isa = PBXGroup;
			children = (
				E7C4A1A50EAE3CBA004169F3 /* libs */,
				8D1107310486CEB800E47090 /* Info.plist */,
				089C165CFE840E0CC02AAC07 /* InfoPlist.strings */,
				29B97318FDCFA39411CA2CEA /* MainMenu.nib */,
				2B531E1A0BBB3FBD00F42B98 /* Icon.icns */,
			);
			name = Resources;
			sourceTree = "<group>";
		};
		29B97323FDCFA39411CA2CEA /* Frameworks */ = {
			isa = PBXGroup;
			children = (
				1058C7A0FEA54F0111CA2CBB /* Linked Frameworks */,
				1058C7A2FEA54F0111CA2CBB /* Other Frameworks */,
			);
			name = Frameworks;
			sourceTree = "<group>";
		};
/* End PBXGroup section */

/* Begin PBXNativeTarget section */
		8D1107260486CEB800E47090 /* CVOCV */ = {
			isa = PBXNativeTarget;
			buildConfigurationList = C01FCF4A08A954540054247B /* Build configuration list for PBXNativeTarget "CVOCV" */;
			buildPhases = (
				8D1107290486CEB800E47090 /* Resources */,
				8D11072C0486CEB800E47090 /* Sources */,
				8D11072E0486CEB800E47090 /* Frameworks */,
			);
			buildRules = (
			);
			dependencies = (
			);
			name = CVOCV;
			productInstallPath = "$(HOME)/Applications";
			productName = CVOCV;
			productReference = 8D1107320486CEB800E47090 /* CVOCV.app */;
			productType = "com.apple.product-type.application";
		};
/* End PBXNativeTarget section */

/* Begin PBXProject section */
		29B97313FDCFA39411CA2CEA /* Project object */ = {
			isa = PBXProject;
			buildConfigurationList = C01FCF4E08A954540054247B /* Build configuration list for PBXProject "CVOCV" */;
			compatibilityVersion = "Xcode 2.4";
			hasScannedForEncodings = 1;
			mainGroup = 29B97314FDCFA39411CA2CEA /* CVOCV */;
			projectDirPath = "";
			projectRoot = "";
			targets = (
				8D1107260486CEB800E47090 /* CVOCV */,
			);
		};
/* End PBXProject section */

/* Begin PBXResourcesBuildPhase section */
		8D1107290486CEB800E47090 /* Resources */ = {
			isa = PBXResourcesBuildPhase;
			buildActionMask = 2147483647;
			files = (
				8D11072A0486CEB800E47090 /* MainMenu.nib in Resources */,
				8D11072B0486CEB800E47090 /* InfoPlist.strings in Resources */,
				2B531E1B0BBB3FBD00F42B98 /* Icon.icns in Resources */,
				E7C4A1CC0EAE3CBA004169F3 /* libs in Resources */,
				E71E30440F0505F5002D74A2 /* README.txt in Resources */,
				E7A1762A0F053D5700E3F45B /* UPDATES.txt in Resources */,
			);
			runOnlyForDeploymentPostprocessing = 0;
		};
/* End PBXResourcesBuildPhase section */

/* Begin PBXSourcesBuildPhase section */
		8D11072C0486CEB800E47090 /* Sources */ = {
			isa = PBXSourcesBuildPhase;
			buildActionMask = 2147483647;
			files = (
				8D11072D0486CEB800E47090 /* main.m in Sources */,
				C5E698F30BA8735700382716 /* CVOCVController.m in Sources */,
				E71E2B270F02A3C9002D74A2 /* OpenCVProcessor.m in Sources */,
				E71E302E0F0505AA002D74A2 /* CVOCVView.m in Sources */,
				E7BA5E7D0F1ECB2700CCFC0E /* CGImageWrapper.m in Sources */,
			);
			runOnlyForDeploymentPostprocessing = 0;
		};
/* End PBXSourcesBuildPhase section */

/* Begin PBXVariantGroup section */
		089C165CFE840E0CC02AAC07 /* InfoPlist.strings */ = {
			isa = PBXVariantGroup;
			children = (
				089C165DFE840E0CC02AAC07 /* English */,
			);
			name = InfoPlist.strings;
			sourceTree = "<group>";
		};
		29B97318FDCFA39411CA2CEA /* MainMenu.nib */ = {
			isa = PBXVariantGroup;
			children = (
				29B97319FDCFA39411CA2CEA /* English */,
			);
			name = MainMenu.nib;
			sourceTree = "<group>";
		};
/* End PBXVariantGroup section */

/* Begin XCBuildConfiguration section */
		C01FCF4B08A954540054247B /* Debug */ = {
			isa = XCBuildConfiguration;
			buildSettings = {
				COPY_PHASE_STRIP = NO;
				GCC_DYNAMIC_NO_PIC = NO;
				GCC_ENABLE_FIX_AND_CONTINUE = YES;
				GCC_MODEL_TUNING = G5;
				GCC_OPTIMIZATION_LEVEL = 0;
				GCC_PRECOMPILE_PREFIX_HEADER = YES;
				GCC_PREFIX_HEADER = CVOCV_Prefix.pch;
				INFOPLIST_FILE = Info.plist;
				INSTALL_PATH = "$(HOME)/Applications";
				PRODUCT_NAME = CVOCV;
				WRAPPER_EXTENSION = app;
				ZERO_LINK = YES;
			};
			name = Debug;
		};
		C01FCF4C08A954540054247B /* Release */ = {
			isa = XCBuildConfiguration;
			buildSettings = {
				ARCHS = (
					ppc,
					i386,
				);
				DEBUG_INFORMATION_FORMAT = dwarf;
				GCC_GENERATE_DEBUGGING_SYMBOLS = NO;
				GCC_MODEL_TUNING = G5;
				GCC_PRECOMPILE_PREFIX_HEADER = YES;
				GCC_PREFIX_HEADER = CVOCV_Prefix.pch;
				INFOPLIST_FILE = Info.plist;
				INSTALL_PATH = "$(HOME)/Applications";
				PRODUCT_NAME = CVOCV;
				WRAPPER_EXTENSION = app;
			};
			name = Release;
		};
		C01FCF4F08A954540054247B /* Debug */ = {
			isa = XCBuildConfiguration;
			buildSettings = {
				GCC_VERSION = com.apple.compilers.llvmgcc42;
				GCC_WARN_ABOUT_RETURN_TYPE = YES;
				GCC_WARN_UNUSED_VARIABLE = YES;
				HEADER_SEARCH_PATHS = libs/opencv/include;
				OTHER_CPLUSPLUSFLAGS = (
					"-D__MACOSX_CORE__",
					"-lpthread",
				);
				OTHER_LDFLAGS = libs/opencv/lib/osx/libOpenCV.a;
				PREBINDING = NO;
				SDKROOT = /Developer/SDKs/MacOSX10.5.sdk;
			};
			name = Debug;
		};
		C01FCF5008A954540054247B /* Release */ = {
			isa = XCBuildConfiguration;
			buildSettings = {
				GCC_VERSION = com.apple.compilers.llvmgcc42;
				GCC_WARN_ABOUT_RETURN_TYPE = YES;
				GCC_WARN_UNUSED_VARIABLE = YES;
				PREBINDING = NO;
				SDKROOT = /Developer/SDKs/MacOSX10.5.sdk;
			};
			name = Release;
		};
/* End XCBuildConfiguration section */

/* Begin XCConfigurationList section */
		C01FCF4A08A954540054247B /* Build configuration list for PBXNativeTarget "CVOCV" */ = {
			isa = XCConfigurationList;
			buildConfigurations = (
				C01FCF4B08A954540054247B /* Debug */,
				C01FCF4C08A954540054247B /* Release */,
			);
			defaultConfigurationIsVisible = 0;
			defaultConfigurationName = Release;
		};
		C01FCF4E08A954540054247B /* Build configuration list for PBXProject "CVOCV" */ = {
			isa = XCConfigurationList;
			buildConfigurations = (
				C01FCF4F08A954540054247B /* Debug */,
				C01FCF5008A954540054247B /* Release */,
			);
			defaultConfigurationIsVisible = 0;
			defaultConfigurationName = Release;
		};
/* End XCConfigurationList section */
	};
	rootObject = 29B97313FDCFA39411CA2CEA /* Project object */;
}
